
Microsoft Visual Studio Solution File, Format Version 12.00
# Visual Studio 15
VisualStudioVersion = 15.0.27428.2002
MinimumVisualStudioVersion = 10.0.40219.1
Project("{FAE04EC0-301F-11D3-BF4B-00C04F79EFBC}") = "SatSolverSdk", "SatSolverSdk\SatSolverSdk.csproj", "{B2932E9D-AB83-456B-85F5-2599A99C2FF0}"
EndProject
Project("{FAE04EC0-301F-11D3-BF4B-00C04F79EFBC}") = "SatSolverSdkUnitTests", "SatSolverSdkUnitTests\SatSolverSdkUnitTests.csproj", "{DCA062BB-CCEC-4411-A80E-783E16FC7DCF}"
EndProject
Global
	GlobalSection(SolutionConfigurationPlatforms) = preSolution
		Debug|Any CPU = Debug|Any CPU
		Release|Any CPU = Release|Any CPU
	EndGlobalSection
	GlobalSection(ProjectConfigurationPlatforms) = postSolution
		{B2932E9D-AB83-456B-85F5-2599A99C2FF0}.Debug|Any CPU.ActiveCfg = Debug|Any CPU
		{B2932E9D-AB83-456B-85F5-2599A99C2FF0}.Debug|Any CPU.Build.0 = Debug|Any CPU
		{B2932E9D-AB83-456B-85F5-2599A99C2FF0}.Release|Any CPU.ActiveCfg = Release|Any CPU
		{B2932E9D-AB83-456B-85F5-2599A99C2FF0}.Release|Any CPU.Build.0 = Release|Any CPU
		{DCA062BB-CCEC-4411-A80E-783E16FC7DCF}.Debug|Any CPU.ActiveCfg = Debug|Any CPU
		{DCA062BB-CCEC-4411-A80E-783E16FC7DCF}.Debug|Any CPU.Build.0 = Debug|Any CPU
		{DCA062BB-CCEC-4411-A80E-783E16FC7DCF}.Release|Any CPU.ActiveCfg = Release|Any CPU
		{DCA062BB-CCEC-4411-A80E-783E16FC7DCF}.Release|Any CPU.Build.0 = Release|Any CPU
	EndGlobalSection
	GlobalSection(SolutionProperties) = preSolution
		HideSolutionNode = FALSE
	EndGlobalSection
	GlobalSection(ExtensibilityGlobals) = postSolution
		SolutionGuid = {F9EFBC06-3869-4D5E-A901-E395BAB03F75}
	EndGlobalSection
EndGlobal
